
Microsoft Visual Studio Solution File, Format Version 12.00
# Visual Studio 15
VisualStudioVersion = 15.0.26403.7
MinimumVisualStudioVersion = 10.0.40219.1
Project("{FAE04EC0-301F-11D3-BF4B-00C04F79EFBC}") = "spz_lab3", "spz_lab3\spz_lab3.csproj", "{458E6D25-6A21-4E4F-84BE-4098F4BEFD30}"
EndProject
Global
	GlobalSection(SolutionConfigurationPlatforms) = preSolution
		Debug|Any CPU = Debug|Any CPU
		Release|Any CPU = Release|Any CPU
	EndGlobalSection
	GlobalSection(ProjectConfigurationPlatforms) = postSolution
		{458E6D25-6A21-4E4F-84BE-4098F4BEFD30}.Debug|Any CPU.ActiveCfg = Debug|Any CPU
		{458E6D25-6A21-4E4F-84BE-4098F4BEFD30}.Debug|Any CPU.Build.0 = Debug|Any CPU
		{458E6D25-6A21-4E4F-84BE-4098F4BEFD30}.Release|Any CPU.ActiveCfg = Release|Any CPU
		{458E6D25-6A21-4E4F-84BE-4098F4BEFD30}.Release|Any CPU.Build.0 = Release|Any CPU
	EndGlobalSection
	GlobalSection(SolutionProperties) = preSolution
		HideSolutionNode = FALSE
	EndGlobalSection
EndGlobal
